{
  "pins" : [
    {
      "identity" : "factory",
      "kind" : "remoteSourceControl",
      "location" : "https://github.com/hmlongco/Factory",
      "state" : {
        "revision" : "8557426f3286e20b631ecdac8115242f888656e0",
        "version" : "1.2.8"
      }
    },
    {
      "identity" : "qgrid",
      "kind" : "remoteSourceControl",
      "location" : "https://github.com/Q-Mobile/QGrid",
      "state" : {
        "revision" : "804e59f8cb9f66b226685e9369fb82029742b83a",
        "version" : "0.1.4"
      }
    }
  ],
  "version" : 2
}
